
Microsoft Visual Studio Solution File, Format Version 12.00
# Visual Studio Version 16
VisualStudioVersion = 16.0.31702.278
MinimumVisualStudioVersion = 10.0.40219.1
Project("{FAE04EC0-301F-11D3-BF4B-00C04F79EFBC}") = "Rechner", "Rechner\Rechner.csproj", "{26AD6317-B45D-49A9-BCE0-1E4E954AC17C}"
EndProject
Project("{FAE04EC0-301F-11D3-BF4B-00C04F79EFBC}") = "Funktionen", "Funktionen\Funktionen.csproj", "{12AF1880-5F67-42F4-9054-2F93312A1713}"
EndProject
Global
	GlobalSection(SolutionConfigurationPlatforms) = preSolution
		Debug|Any CPU = Debug|Any CPU
		Release|Any CPU = Release|Any CPU
	EndGlobalSection
	GlobalSection(ProjectConfigurationPlatforms) = postSolution
		{26AD6317-B45D-49A9-BCE0-1E4E954AC17C}.Debug|Any CPU.ActiveCfg = Debug|Any CPU
		{26AD6317-B45D-49A9-BCE0-1E4E954AC17C}.Debug|Any CPU.Build.0 = Debug|Any CPU
		{26AD6317-B45D-49A9-BCE0-1E4E954AC17C}.Release|Any CPU.ActiveCfg = Release|Any CPU
		{26AD6317-B45D-49A9-BCE0-1E4E954AC17C}.Release|Any CPU.Build.0 = Release|Any CPU
		{12AF1880-5F67-42F4-9054-2F93312A1713}.Debug|Any CPU.ActiveCfg = Debug|Any CPU
		{12AF1880-5F67-42F4-9054-2F93312A1713}.Debug|Any CPU.Build.0 = Debug|Any CPU
		{12AF1880-5F67-42F4-9054-2F93312A1713}.Release|Any CPU.ActiveCfg = Release|Any CPU
		{12AF1880-5F67-42F4-9054-2F93312A1713}.Release|Any CPU.Build.0 = Release|Any CPU
	EndGlobalSection
	GlobalSection(SolutionProperties) = preSolution
		HideSolutionNode = FALSE
	EndGlobalSection
	GlobalSection(ExtensibilityGlobals) = postSolution
		SolutionGuid = {53400C3B-6283-4664-BA1D-5E4DF85DC407}
	EndGlobalSection
EndGlobal
